
Microsoft Visual Studio Solution File, Format Version 12.00
# Visual Studio Version 16
VisualStudioVersion = 25.0.1705.1
MinimumVisualStudioVersion = 10.0.40219.1
Project("{FAE04EC0-301F-11D3-BF4B-00C04F79EFBC}") = "Homework1", "Homework1\Homework1.csproj", "{88496AC1-5DB3-4E88-8BE4-0324BA7328A8}"
EndProject
Project("{FAE04EC0-301F-11D3-BF4B-00C04F79EFBC}") = "Hangman", "Hangman\Hangman.csproj", "{7A303B8C-630B-4B8F-BBC0-2FD38DB6DB79}"
EndProject
Project("{FAE04EC0-301F-11D3-BF4B-00C04F79EFBC}") = "Homework2", "Homework2\Homework2.csproj", "{F1B3483B-9154-4516-8EE5-990CD0D1D799}"
EndProject
Project("{FAE04EC0-301F-11D3-BF4B-00C04F79EFBC}") = "SolidPrinciplesExample", "SolidPrinciplesExample\SolidPrinciplesExample.csproj", "{77635F89-B72F-430C-BCD7-C9AB6EA4C6ED}"
EndProject
Project("{FAE04EC0-301F-11D3-BF4B-00C04F79EFBC}") = "CovarianceTest", "CovarianceTest\CovarianceTest.csproj", "{33424E21-3252-4406-83C2-474BECFD1021}"
EndProject
Project("{FAE04EC0-301F-11D3-BF4B-00C04F79EFBC}") = "CovarianceExample", "CovarianceExample\CovarianceExample.csproj", "{4073A31B-74E0-49E8-AE66-A42CF6063822}"
EndProject
Project("{FAE04EC0-301F-11D3-BF4B-00C04F79EFBC}") = "LiskovValidation", "LiskovValidation\LiskovValidation.csproj", "{1E652674-67B8-428E-AC5C-07F541F1CDF6}"
EndProject
Project("{FAE04EC0-301F-11D3-BF4B-00C04F79EFBC}") = "SchoolProgramming", "SchoolProgramming\SchoolProgramming.csproj", "{43AD34A7-1E52-46DF-BFCD-FD70DAF9FD1A}"
EndProject
Global
	GlobalSection(SolutionConfigurationPlatforms) = preSolution
		Debug|Any CPU = Debug|Any CPU
		Release|Any CPU = Release|Any CPU
	EndGlobalSection
	GlobalSection(ProjectConfigurationPlatforms) = postSolution
		{88496AC1-5DB3-4E88-8BE4-0324BA7328A8}.Debug|Any CPU.ActiveCfg = Debug|Any CPU
		{88496AC1-5DB3-4E88-8BE4-0324BA7328A8}.Debug|Any CPU.Build.0 = Debug|Any CPU
		{88496AC1-5DB3-4E88-8BE4-0324BA7328A8}.Release|Any CPU.ActiveCfg = Release|Any CPU
		{88496AC1-5DB3-4E88-8BE4-0324BA7328A8}.Release|Any CPU.Build.0 = Release|Any CPU
		{7A303B8C-630B-4B8F-BBC0-2FD38DB6DB79}.Debug|Any CPU.ActiveCfg = Debug|Any CPU
		{7A303B8C-630B-4B8F-BBC0-2FD38DB6DB79}.Debug|Any CPU.Build.0 = Debug|Any CPU
		{7A303B8C-630B-4B8F-BBC0-2FD38DB6DB79}.Release|Any CPU.ActiveCfg = Release|Any CPU
		{7A303B8C-630B-4B8F-BBC0-2FD38DB6DB79}.Release|Any CPU.Build.0 = Release|Any CPU
		{F1B3483B-9154-4516-8EE5-990CD0D1D799}.Debug|Any CPU.ActiveCfg = Debug|Any CPU
		{F1B3483B-9154-4516-8EE5-990CD0D1D799}.Debug|Any CPU.Build.0 = Debug|Any CPU
		{F1B3483B-9154-4516-8EE5-990CD0D1D799}.Release|Any CPU.ActiveCfg = Release|Any CPU
		{F1B3483B-9154-4516-8EE5-990CD0D1D799}.Release|Any CPU.Build.0 = Release|Any CPU
		{77635F89-B72F-430C-BCD7-C9AB6EA4C6ED}.Debug|Any CPU.ActiveCfg = Debug|Any CPU
		{77635F89-B72F-430C-BCD7-C9AB6EA4C6ED}.Debug|Any CPU.Build.0 = Debug|Any CPU
		{77635F89-B72F-430C-BCD7-C9AB6EA4C6ED}.Release|Any CPU.ActiveCfg = Release|Any CPU
		{77635F89-B72F-430C-BCD7-C9AB6EA4C6ED}.Release|Any CPU.Build.0 = Release|Any CPU
		{33424E21-3252-4406-83C2-474BECFD1021}.Debug|Any CPU.ActiveCfg = Debug|Any CPU
		{33424E21-3252-4406-83C2-474BECFD1021}.Debug|Any CPU.Build.0 = Debug|Any CPU
		{33424E21-3252-4406-83C2-474BECFD1021}.Release|Any CPU.ActiveCfg = Release|Any CPU
		{33424E21-3252-4406-83C2-474BECFD1021}.Release|Any CPU.Build.0 = Release|Any CPU
		{4073A31B-74E0-49E8-AE66-A42CF6063822}.Debug|Any CPU.ActiveCfg = Debug|Any CPU
		{4073A31B-74E0-49E8-AE66-A42CF6063822}.Debug|Any CPU.Build.0 = Debug|Any CPU
		{4073A31B-74E0-49E8-AE66-A42CF6063822}.Release|Any CPU.ActiveCfg = Release|Any CPU
		{4073A31B-74E0-49E8-AE66-A42CF6063822}.Release|Any CPU.Build.0 = Release|Any CPU
		{1E652674-67B8-428E-AC5C-07F541F1CDF6}.Debug|Any CPU.ActiveCfg = Debug|Any CPU
		{1E652674-67B8-428E-AC5C-07F541F1CDF6}.Debug|Any CPU.Build.0 = Debug|Any CPU
		{1E652674-67B8-428E-AC5C-07F541F1CDF6}.Release|Any CPU.ActiveCfg = Release|Any CPU
		{1E652674-67B8-428E-AC5C-07F541F1CDF6}.Release|Any CPU.Build.0 = Release|Any CPU
		{43AD34A7-1E52-46DF-BFCD-FD70DAF9FD1A}.Debug|Any CPU.ActiveCfg = Debug|Any CPU
		{43AD34A7-1E52-46DF-BFCD-FD70DAF9FD1A}.Debug|Any CPU.Build.0 = Debug|Any CPU
		{43AD34A7-1E52-46DF-BFCD-FD70DAF9FD1A}.Release|Any CPU.ActiveCfg = Release|Any CPU
		{43AD34A7-1E52-46DF-BFCD-FD70DAF9FD1A}.Release|Any CPU.Build.0 = Release|Any CPU
	EndGlobalSection
	GlobalSection(SolutionProperties) = preSolution
		HideSolutionNode = FALSE
	EndGlobalSection
	GlobalSection(ExtensibilityGlobals) = postSolution
		SolutionGuid = {F231C4E1-2B77-4856-BEC0-9C02F11AC7A5}
	EndGlobalSection
EndGlobal
